
Microsoft Visual Studio Solution File, Format Version 12.00
# Visual Studio 2012
Project("{2150E333-8FDC-42A3-9474-1A3956D46DE8}") = "UI", "UI", "{7BFEF9DA-D3C5-45F0-AC64-5E6D3335296A}"
EndProject
Project("{2150E333-8FDC-42A3-9474-1A3956D46DE8}") = "Model", "Model", "{2DB6F8C3-6F71-4BC0-A003-BD7BC475199E}"
EndProject
Project("{2150E333-8FDC-42A3-9474-1A3956D46DE8}") = "DomainEvent", "DomainEvent", "{C02FC31E-A627-4665-A145-B6C14AAA3900}"
EndProject
Project("{2150E333-8FDC-42A3-9474-1A3956D46DE8}") = "Infrastructure", "Infrastructure", "{80589DDC-B249-4FB2-B0EC-2154D74CF994}"
EndProject
Project("{2150E333-8FDC-42A3-9474-1A3956D46DE8}") = "BusinessNDataAccess", "BusinessNDataAccess", "{B2F464B9-2F4C-4565-99A7-618141664DFB}"
EndProject
Project("{FAE04EC0-301F-11D3-BF4B-00C04F79EFBC}") = "Org.SuperMall", "Org.SuperMall\Org.SuperMall.csproj", "{015BDE6A-717C-4B32-BD23-12C357CE06FB}"
EndProject
Project("{FAE04EC0-301F-11D3-BF4B-00C04F79EFBC}") = "Org.Entity", "Org.Entity\Org.Entity.csproj", "{BE9098BA-5C3B-40DB-A5C8-BAFD61408982}"
EndProject
Project("{FAE04EC0-301F-11D3-BF4B-00C04F79EFBC}") = "Org.ViewModel", "Org.ViewModel\Org.ViewModel.csproj", "{DA0A03B7-551E-4B27-B518-89EDB2075BA5}"
EndProject
Project("{FAE04EC0-301F-11D3-BF4B-00C04F79EFBC}") = "Org.Common", "Org.Common\Org.Common.csproj", "{9064C1B6-2288-4141-9F3F-864C6D06595A}"
EndProject
Project("{FAE04EC0-301F-11D3-BF4B-00C04F79EFBC}") = "Org.Service", "Org.Service\Org.Service.csproj", "{71FF6667-8C53-4806-A808-23DEBD8A2CD1}"
EndProject
Project("{FAE04EC0-301F-11D3-BF4B-00C04F79EFBC}") = "Org.Business", "Org.Business\Org.Business.csproj", "{2E9D6A98-2595-4676-88EF-065049589DAA}"
EndProject
Project("{FAE04EC0-301F-11D3-BF4B-00C04F79EFBC}") = "Org.Admin", "Org.Admin\Org.Admin.csproj", "{C00163CF-7CC7-40FB-96A8-C149B3A225B5}"
EndProject
Global
	GlobalSection(SolutionConfigurationPlatforms) = preSolution
		Debug|Any CPU = Debug|Any CPU
		Release|Any CPU = Release|Any CPU
	EndGlobalSection
	GlobalSection(ProjectConfigurationPlatforms) = postSolution
		{015BDE6A-717C-4B32-BD23-12C357CE06FB}.Debug|Any CPU.ActiveCfg = Debug|Any CPU
		{015BDE6A-717C-4B32-BD23-12C357CE06FB}.Debug|Any CPU.Build.0 = Debug|Any CPU
		{015BDE6A-717C-4B32-BD23-12C357CE06FB}.Release|Any CPU.ActiveCfg = Release|Any CPU
		{015BDE6A-717C-4B32-BD23-12C357CE06FB}.Release|Any CPU.Build.0 = Release|Any CPU
		{BE9098BA-5C3B-40DB-A5C8-BAFD61408982}.Debug|Any CPU.ActiveCfg = Debug|Any CPU
		{BE9098BA-5C3B-40DB-A5C8-BAFD61408982}.Debug|Any CPU.Build.0 = Debug|Any CPU
		{BE9098BA-5C3B-40DB-A5C8-BAFD61408982}.Release|Any CPU.ActiveCfg = Release|Any CPU
		{BE9098BA-5C3B-40DB-A5C8-BAFD61408982}.Release|Any CPU.Build.0 = Release|Any CPU
		{DA0A03B7-551E-4B27-B518-89EDB2075BA5}.Debug|Any CPU.ActiveCfg = Debug|Any CPU
		{DA0A03B7-551E-4B27-B518-89EDB2075BA5}.Debug|Any CPU.Build.0 = Debug|Any CPU
		{DA0A03B7-551E-4B27-B518-89EDB2075BA5}.Release|Any CPU.ActiveCfg = Release|Any CPU
		{DA0A03B7-551E-4B27-B518-89EDB2075BA5}.Release|Any CPU.Build.0 = Release|Any CPU
		{9064C1B6-2288-4141-9F3F-864C6D06595A}.Debug|Any CPU.ActiveCfg = Debug|Any CPU
		{9064C1B6-2288-4141-9F3F-864C6D06595A}.Debug|Any CPU.Build.0 = Debug|Any CPU
		{9064C1B6-2288-4141-9F3F-864C6D06595A}.Release|Any CPU.ActiveCfg = Release|Any CPU
		{9064C1B6-2288-4141-9F3F-864C6D06595A}.Release|Any CPU.Build.0 = Release|Any CPU
		{71FF6667-8C53-4806-A808-23DEBD8A2CD1}.Debug|Any CPU.ActiveCfg = Debug|Any CPU
		{71FF6667-8C53-4806-A808-23DEBD8A2CD1}.Debug|Any CPU.Build.0 = Debug|Any CPU
		{71FF6667-8C53-4806-A808-23DEBD8A2CD1}.Release|Any CPU.ActiveCfg = Release|Any CPU
		{71FF6667-8C53-4806-A808-23DEBD8A2CD1}.Release|Any CPU.Build.0 = Release|Any CPU
		{2E9D6A98-2595-4676-88EF-065049589DAA}.Debug|Any CPU.ActiveCfg = Debug|Any CPU
		{2E9D6A98-2595-4676-88EF-065049589DAA}.Debug|Any CPU.Build.0 = Debug|Any CPU
		{2E9D6A98-2595-4676-88EF-065049589DAA}.Release|Any CPU.ActiveCfg = Release|Any CPU
		{2E9D6A98-2595-4676-88EF-065049589DAA}.Release|Any CPU.Build.0 = Release|Any CPU
		{C00163CF-7CC7-40FB-96A8-C149B3A225B5}.Debug|Any CPU.ActiveCfg = Debug|Any CPU
		{C00163CF-7CC7-40FB-96A8-C149B3A225B5}.Debug|Any CPU.Build.0 = Debug|Any CPU
		{C00163CF-7CC7-40FB-96A8-C149B3A225B5}.Release|Any CPU.ActiveCfg = Release|Any CPU
		{C00163CF-7CC7-40FB-96A8-C149B3A225B5}.Release|Any CPU.Build.0 = Release|Any CPU
	EndGlobalSection
	GlobalSection(SolutionProperties) = preSolution
		HideSolutionNode = FALSE
	EndGlobalSection
	GlobalSection(NestedProjects) = preSolution
		{015BDE6A-717C-4B32-BD23-12C357CE06FB} = {7BFEF9DA-D3C5-45F0-AC64-5E6D3335296A}
		{C00163CF-7CC7-40FB-96A8-C149B3A225B5} = {7BFEF9DA-D3C5-45F0-AC64-5E6D3335296A}
		{BE9098BA-5C3B-40DB-A5C8-BAFD61408982} = {2DB6F8C3-6F71-4BC0-A003-BD7BC475199E}
		{DA0A03B7-551E-4B27-B518-89EDB2075BA5} = {2DB6F8C3-6F71-4BC0-A003-BD7BC475199E}
		{71FF6667-8C53-4806-A808-23DEBD8A2CD1} = {C02FC31E-A627-4665-A145-B6C14AAA3900}
		{9064C1B6-2288-4141-9F3F-864C6D06595A} = {80589DDC-B249-4FB2-B0EC-2154D74CF994}
		{2E9D6A98-2595-4676-88EF-065049589DAA} = {B2F464B9-2F4C-4565-99A7-618141664DFB}
	EndGlobalSection
EndGlobal
